
Microsoft Visual Studio Solution File, Format Version 12.00
# Visual Studio Version 16
VisualStudioVersion = 16.0.29911.84
MinimumVisualStudioVersion = 10.0.40219.1
Project("{FAE04EC0-301F-11D3-BF4B-00C04F79EFBC}") = "ProstMain", "ProstMain\ProstMain.csproj", "{3BCAE598-70B1-42AE-86BF-594E8262E5FC}"
EndProject
Global
	GlobalSection(SolutionConfigurationPlatforms) = preSolution
		Debug|Any CPU = Debug|Any CPU
		Debug|x64 = Debug|x64
		Release|Any CPU = Release|Any CPU
		Release|x64 = Release|x64
	EndGlobalSection
	GlobalSection(ProjectConfigurationPlatforms) = postSolution
		{3BCAE598-70B1-42AE-86BF-594E8262E5FC}.Debug|Any CPU.ActiveCfg = Debug|Any CPU
		{3BCAE598-70B1-42AE-86BF-594E8262E5FC}.Debug|Any CPU.Build.0 = Debug|Any CPU
		{3BCAE598-70B1-42AE-86BF-594E8262E5FC}.Debug|x64.ActiveCfg = Debug|x64
		{3BCAE598-70B1-42AE-86BF-594E8262E5FC}.Debug|x64.Build.0 = Debug|x64
		{3BCAE598-70B1-42AE-86BF-594E8262E5FC}.Release|Any CPU.ActiveCfg = Release|Any CPU
		{3BCAE598-70B1-42AE-86BF-594E8262E5FC}.Release|Any CPU.Build.0 = Release|Any CPU
		{3BCAE598-70B1-42AE-86BF-594E8262E5FC}.Release|x64.ActiveCfg = Release|x64
		{3BCAE598-70B1-42AE-86BF-594E8262E5FC}.Release|x64.Build.0 = Release|x64
	EndGlobalSection
	GlobalSection(SolutionProperties) = preSolution
		HideSolutionNode = FALSE
	EndGlobalSection
	GlobalSection(ExtensibilityGlobals) = postSolution
		SolutionGuid = {9E11CC1C-49C1-4BF5-BAAF-92F4EBAE683D}
	EndGlobalSection
EndGlobal
