
Microsoft Visual Studio Solution File, Format Version 12.00
# Visual Studio 15
VisualStudioVersion = 15.0.27428.2043
MinimumVisualStudioVersion = 10.0.40219.1
Project("{FAE04EC0-301F-11D3-BF4B-00C04F79EFBC}") = "GraphProject", "GraphProject\GraphProject.csproj", "{8DDA41B8-5B74-4361-BD8A-C22AD9DD1100}"
EndProject
Global
	GlobalSection(SolutionConfigurationPlatforms) = preSolution
		Debug|Any CPU = Debug|Any CPU
		Release|Any CPU = Release|Any CPU
	EndGlobalSection
	GlobalSection(ProjectConfigurationPlatforms) = postSolution
		{8DDA41B8-5B74-4361-BD8A-C22AD9DD1100}.Debug|Any CPU.ActiveCfg = Debug|Any CPU
		{8DDA41B8-5B74-4361-BD8A-C22AD9DD1100}.Debug|Any CPU.Build.0 = Debug|Any CPU
		{8DDA41B8-5B74-4361-BD8A-C22AD9DD1100}.Release|Any CPU.ActiveCfg = Release|Any CPU
		{8DDA41B8-5B74-4361-BD8A-C22AD9DD1100}.Release|Any CPU.Build.0 = Release|Any CPU
	EndGlobalSection
	GlobalSection(SolutionProperties) = preSolution
		HideSolutionNode = FALSE
	EndGlobalSection
	GlobalSection(ExtensibilityGlobals) = postSolution
		SolutionGuid = {785DFD38-00CD-471B-AFB3-A27710369549}
	EndGlobalSection
EndGlobal
